# Generated by buf. DO NOT EDIT.
version: v1
deps:
  - remote: buf.build
    owner: conduitio
    repository: conduit-commons
    commit: c79e8cb4548b4edc83353cb48b5e28ed
    digest: shake256:c04156587387580d084096e8fdc6d75c2382ff79f456677b7d40ddf216aa8f09898e9f1a5e442e23c55c7dccb3347666e5095fe299d0d54802d1144b7a111e67
