# Generated by buf. DO NOT EDIT.
version: v1
deps:
  - remote: buf.build
    owner: conduitio
    repository: conduit-commons
    commit: de2e1a18c9e042119dedd69b852efc21
    digest: shake256:1275ac9a7d437cc6b48bd6ff2e9edc59f0450a8f9ab6050f49fb9949e231b7f4d91debfd42b09fc29d9e4aed1b9904266a46a46f7a5676218b53aafb7efe211d
