# Generated by buf. DO NOT EDIT.
version: v1
deps:
  - remote: buf.build
    owner: conduitio
    repository: conduit-commons
    commit: 956394d96ec74da9ab7fd598af370668
    digest: shake256:f9b02544f4b6cb945af9529e9168ed56a9096eb8eb337eb4a9032dc8b23d2e57d4a404b72e4e43927b424ff86865dd753df0cbc4c3b8b44273007f85d4353736
